
Microsoft Visual Studio Solution File, Format Version 12.00
# Visual Studio 15
VisualStudioVersion = 15.0.26730.12
MinimumVisualStudioVersion = 10.0.40219.1
Project("{8BC9CEB8-8B4A-11D0-8D11-00A0C91BC942}") = "Window", "Window\Window.vcxproj", "{C5C382DB-31FD-4C20-A8FD-EC6F66C80F25}"
EndProject
Project("{8BC9CEB8-8B4A-11D0-8D11-00A0C91BC942}") = "MainApplication", "MainApplication\MainApplication.vcxproj", "{4DD0B2B8-C5F3-4BCE-832B-DF25CFDA6A3C}"
	ProjectSection(ProjectDependencies) = postProject
		{C5C382DB-31FD-4C20-A8FD-EC6F66C80F25} = {C5C382DB-31FD-4C20-A8FD-EC6F66C80F25}
		{DBE4BBF6-13DD-448E-8F51-F35548C757C5} = {DBE4BBF6-13DD-448E-8F51-F35548C757C5}
	EndProjectSection
EndProject
Project("{8BC9CEB8-8B4A-11D0-8D11-00A0C91BC942}") = "Renderer", "Renderer\Renderer.vcxproj", "{DBE4BBF6-13DD-448E-8F51-F35548C757C5}"
EndProject
Global
	GlobalSection(SolutionConfigurationPlatforms) = preSolution
		Debug|x64 = Debug|x64
		Debug|x86 = Debug|x86
		Release|x64 = Release|x64
		Release|x86 = Release|x86
	EndGlobalSection
	GlobalSection(ProjectConfigurationPlatforms) = postSolution
		{C5C382DB-31FD-4C20-A8FD-EC6F66C80F25}.Debug|x64.ActiveCfg = Debug|x64
		{C5C382DB-31FD-4C20-A8FD-EC6F66C80F25}.Debug|x64.Build.0 = Debug|x64
		{C5C382DB-31FD-4C20-A8FD-EC6F66C80F25}.Debug|x86.ActiveCfg = Debug|Win32
		{C5C382DB-31FD-4C20-A8FD-EC6F66C80F25}.Debug|x86.Build.0 = Debug|Win32
		{C5C382DB-31FD-4C20-A8FD-EC6F66C80F25}.Release|x64.ActiveCfg = Release|x64
		{C5C382DB-31FD-4C20-A8FD-EC6F66C80F25}.Release|x64.Build.0 = Release|x64
		{C5C382DB-31FD-4C20-A8FD-EC6F66C80F25}.Release|x86.ActiveCfg = Release|Win32
		{C5C382DB-31FD-4C20-A8FD-EC6F66C80F25}.Release|x86.Build.0 = Release|Win32
		{4DD0B2B8-C5F3-4BCE-832B-DF25CFDA6A3C}.Debug|x64.ActiveCfg = Debug|x64
		{4DD0B2B8-C5F3-4BCE-832B-DF25CFDA6A3C}.Debug|x64.Build.0 = Debug|x64
		{4DD0B2B8-C5F3-4BCE-832B-DF25CFDA6A3C}.Debug|x86.ActiveCfg = Debug|Win32
		{4DD0B2B8-C5F3-4BCE-832B-DF25CFDA6A3C}.Debug|x86.Build.0 = Debug|Win32
		{4DD0B2B8-C5F3-4BCE-832B-DF25CFDA6A3C}.Release|x64.ActiveCfg = Release|x64
		{4DD0B2B8-C5F3-4BCE-832B-DF25CFDA6A3C}.Release|x64.Build.0 = Release|x64
		{4DD0B2B8-C5F3-4BCE-832B-DF25CFDA6A3C}.Release|x86.ActiveCfg = Release|Win32
		{4DD0B2B8-C5F3-4BCE-832B-DF25CFDA6A3C}.Release|x86.Build.0 = Release|Win32
		{DBE4BBF6-13DD-448E-8F51-F35548C757C5}.Debug|x64.ActiveCfg = Debug|x64
		{DBE4BBF6-13DD-448E-8F51-F35548C757C5}.Debug|x64.Build.0 = Debug|x64
		{DBE4BBF6-13DD-448E-8F51-F35548C757C5}.Debug|x86.ActiveCfg = Debug|Win32
		{DBE4BBF6-13DD-448E-8F51-F35548C757C5}.Debug|x86.Build.0 = Debug|Win32
		{DBE4BBF6-13DD-448E-8F51-F35548C757C5}.Release|x64.ActiveCfg = Release|x64
		{DBE4BBF6-13DD-448E-8F51-F35548C757C5}.Release|x64.Build.0 = Release|x64
		{DBE4BBF6-13DD-448E-8F51-F35548C757C5}.Release|x86.ActiveCfg = Release|Win32
		{DBE4BBF6-13DD-448E-8F51-F35548C757C5}.Release|x86.Build.0 = Release|Win32
	EndGlobalSection
	GlobalSection(SolutionProperties) = preSolution
		HideSolutionNode = FALSE
	EndGlobalSection
	GlobalSection(ExtensibilityGlobals) = postSolution
		SolutionGuid = {6117BD44-DA29-4C10-9D2A-D48CDAA018EA}
	EndGlobalSection
EndGlobal
